
Microsoft Visual Studio Solution File, Format Version 12.00
# Visual Studio 15
Project("{FAE04EC0-301F-11D3-BF4B-00C04F79EFBC}") = "Assembly-CSharp", "Assembly-CSharp.csproj", "{B8316D4D-4701-2D65-7DA5-C2D57E8B4691}"
EndProject
Project("{FAE04EC0-301F-11D3-BF4B-00C04F79EFBC}") = "Assembly-CSharp-Editor", "Assembly-CSharp-Editor.csproj", "{2A512C09-E5B9-4974-206D-CCE8CD3EF96D}"
EndProject
Project("{FAE04EC0-301F-11D3-BF4B-00C04F79EFBC}") = "SimpleRelay", "SimpleRelay.csproj", "{FC02E41D-1936-FACC-45C8-BBA2766F7588}"
EndProject
Global
	GlobalSection(SolutionConfigurationPlatforms) = preSolution
		Debug|Any CPU = Debug|Any CPU
		Release|Any CPU = Release|Any CPU
	EndGlobalSection
	GlobalSection(ProjectConfigurationPlatforms) = postSolution
		{B8316D4D-4701-2D65-7DA5-C2D57E8B4691}.Debug|Any CPU.ActiveCfg = Debug|Any CPU
		{B8316D4D-4701-2D65-7DA5-C2D57E8B4691}.Debug|Any CPU.Build.0 = Debug|Any CPU
		{B8316D4D-4701-2D65-7DA5-C2D57E8B4691}.Release|Any CPU.ActiveCfg = Release|Any CPU
		{B8316D4D-4701-2D65-7DA5-C2D57E8B4691}.Release|Any CPU.Build.0 = Release|Any CPU
		{2A512C09-E5B9-4974-206D-CCE8CD3EF96D}.Debug|Any CPU.ActiveCfg = Debug|Any CPU
		{2A512C09-E5B9-4974-206D-CCE8CD3EF96D}.Debug|Any CPU.Build.0 = Debug|Any CPU
		{2A512C09-E5B9-4974-206D-CCE8CD3EF96D}.Release|Any CPU.ActiveCfg = Release|Any CPU
		{2A512C09-E5B9-4974-206D-CCE8CD3EF96D}.Release|Any CPU.Build.0 = Release|Any CPU
		{FC02E41D-1936-FACC-45C8-BBA2766F7588}.Debug|Any CPU.ActiveCfg = Debug|Any CPU
		{FC02E41D-1936-FACC-45C8-BBA2766F7588}.Debug|Any CPU.Build.0 = Debug|Any CPU
		{FC02E41D-1936-FACC-45C8-BBA2766F7588}.Release|Any CPU.ActiveCfg = Release|Any CPU
		{FC02E41D-1936-FACC-45C8-BBA2766F7588}.Release|Any CPU.Build.0 = Release|Any CPU
	EndGlobalSection
	GlobalSection(SolutionProperties) = preSolution
		HideSolutionNode = FALSE
	EndGlobalSection
EndGlobal
